
Microsoft Visual Studio Solution File, Format Version 12.00
# Visual Studio Version 16
VisualStudioVersion = 16.0.32428.217
MinimumVisualStudioVersion = 10.0.40219.1
Project("{9A19103F-16F7-4668-BE54-9A1E7A4F7556}") = "1. Reverse a String", "1. Reverse a String\1. Reverse a String.csproj", "{D56DF712-67EF-44B2-B4D6-4DDECC824D87}"
EndProject
Project("{9A19103F-16F7-4668-BE54-9A1E7A4F7556}") = "2. Stack Sum", "2. Stack Sum\2. Stack Sum.csproj", "{7624D001-83CF-4E23-A2BB-57AC6777E6C1}"
EndProject
Project("{9A19103F-16F7-4668-BE54-9A1E7A4F7556}") = "3. Simple Calculator", "3. Simple Calculator\3. Simple Calculator.csproj", "{B0AC9D21-522D-4A1A-B3D4-ED932959A8EF}"
EndProject
Project("{9A19103F-16F7-4668-BE54-9A1E7A4F7556}") = "4. Matching Brackets", "4. Matching Brackets\4. Matching Brackets.csproj", "{3DEABC3C-1866-4E2D-BB33-1A7A9B159421}"
EndProject
Project("{FAE04EC0-301F-11D3-BF4B-00C04F79EFBC}") = "5. Print Even Numbers", "5. Print Even Numbers\5. Print Even Numbers.csproj", "{2493A4AB-2C07-4D2B-95B3-020175B7F2AC}"
EndProject
Project("{FAE04EC0-301F-11D3-BF4B-00C04F79EFBC}") = "6. Supermarket", "6. Supermarket\6. Supermarket.csproj", "{EDB66815-09B8-4874-B4A9-0658F265378D}"
EndProject
Project("{FAE04EC0-301F-11D3-BF4B-00C04F79EFBC}") = "7. Hot Potato", "7. Hot Potato\7. Hot Potato.csproj", "{709377F1-71C4-4368-B638-4F2D2C3A9701}"
EndProject
Project("{FAE04EC0-301F-11D3-BF4B-00C04F79EFBC}") = "8. Traffic Jam", "8. Traffic Jam\8. Traffic Jam.csproj", "{CCD6DD62-2883-46E1-B053-D05FD89EA5E2}"
EndProject
Global
	GlobalSection(SolutionConfigurationPlatforms) = preSolution
		Debug|Any CPU = Debug|Any CPU
		Release|Any CPU = Release|Any CPU
	EndGlobalSection
	GlobalSection(ProjectConfigurationPlatforms) = postSolution
		{D56DF712-67EF-44B2-B4D6-4DDECC824D87}.Debug|Any CPU.ActiveCfg = Debug|Any CPU
		{D56DF712-67EF-44B2-B4D6-4DDECC824D87}.Debug|Any CPU.Build.0 = Debug|Any CPU
		{D56DF712-67EF-44B2-B4D6-4DDECC824D87}.Release|Any CPU.ActiveCfg = Release|Any CPU
		{D56DF712-67EF-44B2-B4D6-4DDECC824D87}.Release|Any CPU.Build.0 = Release|Any CPU
		{7624D001-83CF-4E23-A2BB-57AC6777E6C1}.Debug|Any CPU.ActiveCfg = Debug|Any CPU
		{7624D001-83CF-4E23-A2BB-57AC6777E6C1}.Debug|Any CPU.Build.0 = Debug|Any CPU
		{7624D001-83CF-4E23-A2BB-57AC6777E6C1}.Release|Any CPU.ActiveCfg = Release|Any CPU
		{7624D001-83CF-4E23-A2BB-57AC6777E6C1}.Release|Any CPU.Build.0 = Release|Any CPU
		{B0AC9D21-522D-4A1A-B3D4-ED932959A8EF}.Debug|Any CPU.ActiveCfg = Debug|Any CPU
		{B0AC9D21-522D-4A1A-B3D4-ED932959A8EF}.Debug|Any CPU.Build.0 = Debug|Any CPU
		{B0AC9D21-522D-4A1A-B3D4-ED932959A8EF}.Release|Any CPU.ActiveCfg = Release|Any CPU
		{B0AC9D21-522D-4A1A-B3D4-ED932959A8EF}.Release|Any CPU.Build.0 = Release|Any CPU
		{3DEABC3C-1866-4E2D-BB33-1A7A9B159421}.Debug|Any CPU.ActiveCfg = Debug|Any CPU
		{3DEABC3C-1866-4E2D-BB33-1A7A9B159421}.Debug|Any CPU.Build.0 = Debug|Any CPU
		{3DEABC3C-1866-4E2D-BB33-1A7A9B159421}.Release|Any CPU.ActiveCfg = Release|Any CPU
		{3DEABC3C-1866-4E2D-BB33-1A7A9B159421}.Release|Any CPU.Build.0 = Release|Any CPU
		{2493A4AB-2C07-4D2B-95B3-020175B7F2AC}.Debug|Any CPU.ActiveCfg = Debug|Any CPU
		{2493A4AB-2C07-4D2B-95B3-020175B7F2AC}.Debug|Any CPU.Build.0 = Debug|Any CPU
		{2493A4AB-2C07-4D2B-95B3-020175B7F2AC}.Release|Any CPU.ActiveCfg = Release|Any CPU
		{2493A4AB-2C07-4D2B-95B3-020175B7F2AC}.Release|Any CPU.Build.0 = Release|Any CPU
		{EDB66815-09B8-4874-B4A9-0658F265378D}.Debug|Any CPU.ActiveCfg = Debug|Any CPU
		{EDB66815-09B8-4874-B4A9-0658F265378D}.Debug|Any CPU.Build.0 = Debug|Any CPU
		{EDB66815-09B8-4874-B4A9-0658F265378D}.Release|Any CPU.ActiveCfg = Release|Any CPU
		{EDB66815-09B8-4874-B4A9-0658F265378D}.Release|Any CPU.Build.0 = Release|Any CPU
		{709377F1-71C4-4368-B638-4F2D2C3A9701}.Debug|Any CPU.ActiveCfg = Debug|Any CPU
		{709377F1-71C4-4368-B638-4F2D2C3A9701}.Debug|Any CPU.Build.0 = Debug|Any CPU
		{709377F1-71C4-4368-B638-4F2D2C3A9701}.Release|Any CPU.ActiveCfg = Release|Any CPU
		{709377F1-71C4-4368-B638-4F2D2C3A9701}.Release|Any CPU.Build.0 = Release|Any CPU
		{CCD6DD62-2883-46E1-B053-D05FD89EA5E2}.Debug|Any CPU.ActiveCfg = Debug|Any CPU
		{CCD6DD62-2883-46E1-B053-D05FD89EA5E2}.Debug|Any CPU.Build.0 = Debug|Any CPU
		{CCD6DD62-2883-46E1-B053-D05FD89EA5E2}.Release|Any CPU.ActiveCfg = Release|Any CPU
		{CCD6DD62-2883-46E1-B053-D05FD89EA5E2}.Release|Any CPU.Build.0 = Release|Any CPU
	EndGlobalSection
	GlobalSection(SolutionProperties) = preSolution
		HideSolutionNode = FALSE
	EndGlobalSection
	GlobalSection(ExtensibilityGlobals) = postSolution
		SolutionGuid = {1058144D-CB88-4A18-958B-CADFC50E723A}
	EndGlobalSection
EndGlobal
