
Microsoft Visual Studio Solution File, Format Version 12.00
# Visual Studio Version 16
VisualStudioVersion = 16.0.32428.217
MinimumVisualStudioVersion = 10.0.40219.1
Project("{FAE04EC0-301F-11D3-BF4B-00C04F79EFBC}") = "BoxOfT", "BoxOfT\BoxOfT.csproj", "{A0CE304B-9F48-46CD-90E1-4CEDFF4638F4}"
EndProject
Project("{FAE04EC0-301F-11D3-BF4B-00C04F79EFBC}") = "GenericArrayCreator", "GenericArrayCreator\GenericArrayCreator.csproj", "{BDFF6DC4-6949-45B3-8C45-4866FF9844D2}"
EndProject
Project("{9A19103F-16F7-4668-BE54-9A1E7A4F7556}") = "GenericScale", "GenericScale\GenericScale.csproj", "{6114DF6A-0CA4-4824-905F-02FBA3CFB68A}"
EndProject
Global
	GlobalSection(SolutionConfigurationPlatforms) = preSolution
		Debug|Any CPU = Debug|Any CPU
		Release|Any CPU = Release|Any CPU
	EndGlobalSection
	GlobalSection(ProjectConfigurationPlatforms) = postSolution
		{A0CE304B-9F48-46CD-90E1-4CEDFF4638F4}.Debug|Any CPU.ActiveCfg = Debug|Any CPU
		{A0CE304B-9F48-46CD-90E1-4CEDFF4638F4}.Debug|Any CPU.Build.0 = Debug|Any CPU
		{A0CE304B-9F48-46CD-90E1-4CEDFF4638F4}.Release|Any CPU.ActiveCfg = Release|Any CPU
		{A0CE304B-9F48-46CD-90E1-4CEDFF4638F4}.Release|Any CPU.Build.0 = Release|Any CPU
		{BDFF6DC4-6949-45B3-8C45-4866FF9844D2}.Debug|Any CPU.ActiveCfg = Debug|Any CPU
		{BDFF6DC4-6949-45B3-8C45-4866FF9844D2}.Debug|Any CPU.Build.0 = Debug|Any CPU
		{BDFF6DC4-6949-45B3-8C45-4866FF9844D2}.Release|Any CPU.ActiveCfg = Release|Any CPU
		{BDFF6DC4-6949-45B3-8C45-4866FF9844D2}.Release|Any CPU.Build.0 = Release|Any CPU
		{6114DF6A-0CA4-4824-905F-02FBA3CFB68A}.Debug|Any CPU.ActiveCfg = Debug|Any CPU
		{6114DF6A-0CA4-4824-905F-02FBA3CFB68A}.Debug|Any CPU.Build.0 = Debug|Any CPU
		{6114DF6A-0CA4-4824-905F-02FBA3CFB68A}.Release|Any CPU.ActiveCfg = Release|Any CPU
		{6114DF6A-0CA4-4824-905F-02FBA3CFB68A}.Release|Any CPU.Build.0 = Release|Any CPU
	EndGlobalSection
	GlobalSection(SolutionProperties) = preSolution
		HideSolutionNode = FALSE
	EndGlobalSection
	GlobalSection(ExtensibilityGlobals) = postSolution
		SolutionGuid = {3260017E-3454-484E-B7BD-7CD5A7B6F9BF}
	EndGlobalSection
EndGlobal
