
Microsoft Visual Studio Solution File, Format Version 12.00
# Visual Studio Version 16
VisualStudioVersion = 16.0.32428.217
MinimumVisualStudioVersion = 10.0.40219.1
Project("{9A19103F-16F7-4668-BE54-9A1E7A4F7556}") = "01. Define a Class Person", "01. Define a Class Person\01. Define a Class Person.csproj", "{3EA8B6CA-C198-4573-995D-75E766AD56D3}"
EndProject
Project("{9A19103F-16F7-4668-BE54-9A1E7A4F7556}") = "02. Creating Constructors", "02. Creating Constructors\02. Creating Constructors.csproj", "{52E683A3-139D-4E28-BBD5-7722CC265A47}"
EndProject
Project("{9A19103F-16F7-4668-BE54-9A1E7A4F7556}") = "03. Oldest Family Member", "03. Oldest Family Member\03. Oldest Family Member.csproj", "{C210C448-F53D-4FC5-870A-3C9817995422}"
EndProject
Project("{9A19103F-16F7-4668-BE54-9A1E7A4F7556}") = "04. Opinion Poll", "04. Opinion Poll\04. Opinion Poll.csproj", "{E2CAA2C6-5B20-459D-A468-9F285FDC68B4}"
EndProject
Project("{9A19103F-16F7-4668-BE54-9A1E7A4F7556}") = "05. Date Modifier", "05. Date Modifier\05. Date Modifier.csproj", "{023491D2-35C2-49D2-8071-8ADED0A0DEB8}"
EndProject
Project("{9A19103F-16F7-4668-BE54-9A1E7A4F7556}") = "06. Speed Racing", "06. Speed Racing\06. Speed Racing.csproj", "{AF80601F-BD29-4292-AB58-245A30ACE1E2}"
EndProject
Project("{9A19103F-16F7-4668-BE54-9A1E7A4F7556}") = "07. Raw Data", "07. Raw Data\07. Raw Data.csproj", "{B699A745-F108-4DFA-803A-CAAC5C771B26}"
EndProject
Project("{9A19103F-16F7-4668-BE54-9A1E7A4F7556}") = "08.DefiningClasses", "08. Car Salesman\08.DefiningClasses.csproj", "{8C53460B-4688-497E-8DB5-BFE3EFA4F579}"
EndProject
Project("{9A19103F-16F7-4668-BE54-9A1E7A4F7556}") = "09.DefiningClasses", "09. Pokemon Trainer\09.DefiningClasses.csproj", "{83A7E06E-C41A-4D76-A437-3DB2E497E84B}"
EndProject
Project("{9A19103F-16F7-4668-BE54-9A1E7A4F7556}") = "10.SoftUniParking", "10. SoftUni Parking\10.SoftUniParking.csproj", "{16F56EAE-F68D-43B8-BFC5-5761BEF9FFA7}"
EndProject
Global
	GlobalSection(SolutionConfigurationPlatforms) = preSolution
		Debug|Any CPU = Debug|Any CPU
		Release|Any CPU = Release|Any CPU
	EndGlobalSection
	GlobalSection(ProjectConfigurationPlatforms) = postSolution
		{3EA8B6CA-C198-4573-995D-75E766AD56D3}.Debug|Any CPU.ActiveCfg = Debug|Any CPU
		{3EA8B6CA-C198-4573-995D-75E766AD56D3}.Debug|Any CPU.Build.0 = Debug|Any CPU
		{3EA8B6CA-C198-4573-995D-75E766AD56D3}.Release|Any CPU.ActiveCfg = Release|Any CPU
		{3EA8B6CA-C198-4573-995D-75E766AD56D3}.Release|Any CPU.Build.0 = Release|Any CPU
		{52E683A3-139D-4E28-BBD5-7722CC265A47}.Debug|Any CPU.ActiveCfg = Debug|Any CPU
		{52E683A3-139D-4E28-BBD5-7722CC265A47}.Debug|Any CPU.Build.0 = Debug|Any CPU
		{52E683A3-139D-4E28-BBD5-7722CC265A47}.Release|Any CPU.ActiveCfg = Release|Any CPU
		{52E683A3-139D-4E28-BBD5-7722CC265A47}.Release|Any CPU.Build.0 = Release|Any CPU
		{C210C448-F53D-4FC5-870A-3C9817995422}.Debug|Any CPU.ActiveCfg = Debug|Any CPU
		{C210C448-F53D-4FC5-870A-3C9817995422}.Debug|Any CPU.Build.0 = Debug|Any CPU
		{C210C448-F53D-4FC5-870A-3C9817995422}.Release|Any CPU.ActiveCfg = Release|Any CPU
		{C210C448-F53D-4FC5-870A-3C9817995422}.Release|Any CPU.Build.0 = Release|Any CPU
		{E2CAA2C6-5B20-459D-A468-9F285FDC68B4}.Debug|Any CPU.ActiveCfg = Debug|Any CPU
		{E2CAA2C6-5B20-459D-A468-9F285FDC68B4}.Debug|Any CPU.Build.0 = Debug|Any CPU
		{E2CAA2C6-5B20-459D-A468-9F285FDC68B4}.Release|Any CPU.ActiveCfg = Release|Any CPU
		{E2CAA2C6-5B20-459D-A468-9F285FDC68B4}.Release|Any CPU.Build.0 = Release|Any CPU
		{023491D2-35C2-49D2-8071-8ADED0A0DEB8}.Debug|Any CPU.ActiveCfg = Debug|Any CPU
		{023491D2-35C2-49D2-8071-8ADED0A0DEB8}.Debug|Any CPU.Build.0 = Debug|Any CPU
		{023491D2-35C2-49D2-8071-8ADED0A0DEB8}.Release|Any CPU.ActiveCfg = Release|Any CPU
		{023491D2-35C2-49D2-8071-8ADED0A0DEB8}.Release|Any CPU.Build.0 = Release|Any CPU
		{AF80601F-BD29-4292-AB58-245A30ACE1E2}.Debug|Any CPU.ActiveCfg = Debug|Any CPU
		{AF80601F-BD29-4292-AB58-245A30ACE1E2}.Debug|Any CPU.Build.0 = Debug|Any CPU
		{AF80601F-BD29-4292-AB58-245A30ACE1E2}.Release|Any CPU.ActiveCfg = Release|Any CPU
		{AF80601F-BD29-4292-AB58-245A30ACE1E2}.Release|Any CPU.Build.0 = Release|Any CPU
		{B699A745-F108-4DFA-803A-CAAC5C771B26}.Debug|Any CPU.ActiveCfg = Debug|Any CPU
		{B699A745-F108-4DFA-803A-CAAC5C771B26}.Debug|Any CPU.Build.0 = Debug|Any CPU
		{B699A745-F108-4DFA-803A-CAAC5C771B26}.Release|Any CPU.ActiveCfg = Release|Any CPU
		{B699A745-F108-4DFA-803A-CAAC5C771B26}.Release|Any CPU.Build.0 = Release|Any CPU
		{8C53460B-4688-497E-8DB5-BFE3EFA4F579}.Debug|Any CPU.ActiveCfg = Debug|Any CPU
		{8C53460B-4688-497E-8DB5-BFE3EFA4F579}.Debug|Any CPU.Build.0 = Debug|Any CPU
		{8C53460B-4688-497E-8DB5-BFE3EFA4F579}.Release|Any CPU.ActiveCfg = Release|Any CPU
		{8C53460B-4688-497E-8DB5-BFE3EFA4F579}.Release|Any CPU.Build.0 = Release|Any CPU
		{83A7E06E-C41A-4D76-A437-3DB2E497E84B}.Debug|Any CPU.ActiveCfg = Debug|Any CPU
		{83A7E06E-C41A-4D76-A437-3DB2E497E84B}.Debug|Any CPU.Build.0 = Debug|Any CPU
		{83A7E06E-C41A-4D76-A437-3DB2E497E84B}.Release|Any CPU.ActiveCfg = Release|Any CPU
		{83A7E06E-C41A-4D76-A437-3DB2E497E84B}.Release|Any CPU.Build.0 = Release|Any CPU
		{16F56EAE-F68D-43B8-BFC5-5761BEF9FFA7}.Debug|Any CPU.ActiveCfg = Debug|Any CPU
		{16F56EAE-F68D-43B8-BFC5-5761BEF9FFA7}.Debug|Any CPU.Build.0 = Debug|Any CPU
		{16F56EAE-F68D-43B8-BFC5-5761BEF9FFA7}.Release|Any CPU.ActiveCfg = Release|Any CPU
		{16F56EAE-F68D-43B8-BFC5-5761BEF9FFA7}.Release|Any CPU.Build.0 = Release|Any CPU
	EndGlobalSection
	GlobalSection(SolutionProperties) = preSolution
		HideSolutionNode = FALSE
	EndGlobalSection
	GlobalSection(ExtensibilityGlobals) = postSolution
		SolutionGuid = {D5A9F9EF-30CA-4878-A2A4-D850EDF7A913}
	EndGlobalSection
EndGlobal
