
Microsoft Visual Studio Solution File, Format Version 12.00
# Visual Studio Version 16
VisualStudioVersion = 16.0.32428.217
MinimumVisualStudioVersion = 10.0.40219.1
Project("{9A19103F-16F7-4668-BE54-9A1E7A4F7556}") = "PersonsInfo", "PersonsInfo\PersonsInfo.csproj", "{1E6CB997-9242-4F39-9386-1FEA4C18FEA6}"
EndProject
Global
	GlobalSection(SolutionConfigurationPlatforms) = preSolution
		Debug|Any CPU = Debug|Any CPU
		Release|Any CPU = Release|Any CPU
	EndGlobalSection
	GlobalSection(ProjectConfigurationPlatforms) = postSolution
		{1E6CB997-9242-4F39-9386-1FEA4C18FEA6}.Debug|Any CPU.ActiveCfg = Debug|Any CPU
		{1E6CB997-9242-4F39-9386-1FEA4C18FEA6}.Debug|Any CPU.Build.0 = Debug|Any CPU
		{1E6CB997-9242-4F39-9386-1FEA4C18FEA6}.Release|Any CPU.ActiveCfg = Release|Any CPU
		{1E6CB997-9242-4F39-9386-1FEA4C18FEA6}.Release|Any CPU.Build.0 = Release|Any CPU
	EndGlobalSection
	GlobalSection(SolutionProperties) = preSolution
		HideSolutionNode = FALSE
	EndGlobalSection
	GlobalSection(ExtensibilityGlobals) = postSolution
		SolutionGuid = {1C3FD80A-F777-4EF0-BF69-6E8FE4C812E7}
	EndGlobalSection
EndGlobal
