
Microsoft Visual Studio Solution File, Format Version 12.00
# Visual Studio Version 16
VisualStudioVersion = 16.0.32413.511
MinimumVisualStudioVersion = 10.0.40219.1
Project("{9A19103F-16F7-4668-BE54-9A1E7A4F7556}") = "01. Messaging", "01. Messaging\01. Messaging.csproj", "{E6F3EE6A-D564-41FA-854C-C4F4DF6B2B62}"
EndProject
Project("{FAE04EC0-301F-11D3-BF4B-00C04F79EFBC}") = "02. Car Race", "02. Car Race\02. Car Race.csproj", "{ABF7143B-FB50-4C1B-9949-AEEA861FA722}"
EndProject
Global
	GlobalSection(SolutionConfigurationPlatforms) = preSolution
		Debug|Any CPU = Debug|Any CPU
		Release|Any CPU = Release|Any CPU
	EndGlobalSection
	GlobalSection(ProjectConfigurationPlatforms) = postSolution
		{E6F3EE6A-D564-41FA-854C-C4F4DF6B2B62}.Debug|Any CPU.ActiveCfg = Debug|Any CPU
		{E6F3EE6A-D564-41FA-854C-C4F4DF6B2B62}.Debug|Any CPU.Build.0 = Debug|Any CPU
		{E6F3EE6A-D564-41FA-854C-C4F4DF6B2B62}.Release|Any CPU.ActiveCfg = Release|Any CPU
		{E6F3EE6A-D564-41FA-854C-C4F4DF6B2B62}.Release|Any CPU.Build.0 = Release|Any CPU
		{ABF7143B-FB50-4C1B-9949-AEEA861FA722}.Debug|Any CPU.ActiveCfg = Debug|Any CPU
		{ABF7143B-FB50-4C1B-9949-AEEA861FA722}.Debug|Any CPU.Build.0 = Debug|Any CPU
		{ABF7143B-FB50-4C1B-9949-AEEA861FA722}.Release|Any CPU.ActiveCfg = Release|Any CPU
		{ABF7143B-FB50-4C1B-9949-AEEA861FA722}.Release|Any CPU.Build.0 = Release|Any CPU
	EndGlobalSection
	GlobalSection(SolutionProperties) = preSolution
		HideSolutionNode = FALSE
	EndGlobalSection
	GlobalSection(ExtensibilityGlobals) = postSolution
		SolutionGuid = {8859D7EE-B14A-4831-9094-F745B5DD6FB8}
	EndGlobalSection
EndGlobal
